{
  "version": 1,
  "dependencies": {
    ".NETFramework,Version=v4.8": {
      "ExMod.Exiled": {
        "type": "Direct",
        "requested": "[9.5.1, )",
        "resolved": "9.5.1",
        "contentHash": "QAFyq+9mnsYzveeu0S9tSmttq0EDmwEDAZ/K2KYf7FLJhXuDLl6qIhxIqOJHGz3WMv8oLxjwSJVlM8/2tHnkNA=="
      }
    }
  }
}